version = 1
revision = 3
requires-python = ">=3.12"

[[package]]
name = "colorama"
version = "0.4.6"
source = { registry = "https://pypi.org/simple" }
sdist = { url = "https://files.pythonhosted.org/packages/d8/53/6f443c9a4a8358a93a6792e2acffb9d9d5cb0a5cfd8802644b7b1c9a02e4/colorama-0.4.6.tar.gz", hash = "sha256:08695f5cb7ed6e0531a20572697297273c47b8cae5a63ffc6d6ed5c201be6e44", size = 27697, upload-time = "2022-10-25T02:36:22.414Z" }
wheels = [
    { url = "https://files.pythonhosted.org/packages/d1/d6/3965ed04c63042e047cb6a3e6ed1a63a35087b6a609aa3a15ed8ac56c221/colorama-0.4.6-py2.py3-none-any.whl", hash = "sha256:4f1d9991f5acc0ca119f9d443620b77f9d6b33703e51011c16baf57afb285fc6", size = 25335, upload-time = "2022-10-25T02:36:20.889Z" },
]

[[package]]
name = "iniconfig"
version = "2.3.0"
source = { registry = "https://pypi.org/simple" }
sdist = { url = "https://files.pythonhosted.org/packages/72/34/14ca021ce8e5dfedc35312d08ba8bf51fdd999c576889fc2c24cb97f4f10/iniconfig-2.3.0.tar.gz", hash = "sha256:c76315c77db068650d49c5b56314774a7804df16fee4402c1f19d6d15d8c4730", size = 20503, upload-time = "2025-10-18T21:55:43.219Z" }
wheels = [
    { url = "https://files.pythonhosted.org/packages/cb/b1/3846dd7f199d53cb17f49cba7e651e9ce294d8497c8c150530ed11865bb8/iniconfig-2.3.0-py3-none-any.whl", hash = "sha256:f631c04d2c48c52b84d0d0549c99ff3859c98df65b3101406327ecc7d53fbf12", size = 7484, upload-time = "2025-10-18T21:55:41.639Z" },
]

[[package]]
name = "maturin"
version = "1.10.1"
source = { registry = "https://pypi.org/simple" }
sdist = { url = "https://files.pythonhosted.org/packages/e9/4c/dd1dbc35780fdc5c51ccb0d08e5ece8e63a5ca82f6c9189fcbb031fc589c/maturin-1.10.1.tar.gz", hash = "sha256:69543e8bad4221c3c7ae7d7f31f275757bff8a66936368e013fa0256f8d6b512", size = 218306, upload-time = "2025-11-11T12:03:57.722Z" }
wheels = [
    { url = "https://files.pythonhosted.org/packages/ca/37/16af14d312beb689a72a1a6bb378a84413b75f4de63e26fe75059ace072f/maturin-1.10.1-py3-none-linux_armv6l.whl", hash = "sha256:dfc0e509ce0f1f77fe1316a503a35991ef27f2ea6ffa3527d12fc0d238700c94", size = 8773448, upload-time = "2025-11-11T12:03:25.62Z" },
    { url = "https://files.pythonhosted.org/packages/36/b3/3f59605e81ccf0d064349e19577dbcb57df36afa8c86b16a2547c25dcb6d/maturin-1.10.1-py3-none-macosx_10_12_x86_64.macosx_11_0_arm64.macosx_10_12_universal2.whl", hash = "sha256:5c2557b9c6b615d651f15c04c7baf9cfea9babeecea4cb136f054fc5dd1dab6b", size = 17065512, upload-time = "2025-11-11T12:03:29.392Z" },
    { url = "https://files.pythonhosted.org/packages/c4/f1/6a4ea504b0f4643e1fd934b2f40cd91bf5f84db5f184fbdd4b1f1ac31407/maturin-1.10.1-py3-none-macosx_10_12_x86_64.whl", hash = "sha256:52c55dc8ee2b9a7a34358af40c24113c179bdbd1be19c14d96f773850f41c216", size = 8819267, upload-time = "2025-11-11T12:03:31.92Z" },
    { url = "https://files.pythonhosted.org/packages/32/36/7480d94ef040c201207cb84739b889af3f85ff69bd2edde505b267a30992/maturin-1.10.1-py3-none-manylinux_2_12_i686.manylinux2010_i686.musllinux_1_1_i686.whl", hash = "sha256:cc0540148dd896aba2af232ebaf3f9adc1637d54d5dcd501ba3daea8f9e3c84b", size = 8775821, upload-time = "2025-11-11T12:03:34.059Z" },
    { url = "https://files.pythonhosted.org/packages/f7/da/1cd0257a33904d2d0d9949aaaa67a8f4a7c37cf029ad199336680118a582/maturin-1.10.1-py3-none-manylinux_2_12_x86_64.manylinux2010_x86_64.musllinux_1_1_x86_64.whl", hash = "sha256:9475a6ac15339fc0be5d3f1cdc6e1a50711ea75bd41f49ba50b52b1a46191dde", size = 9241687, upload-time = "2025-11-11T12:03:36.473Z" },
    { url = "https://files.pythonhosted.org/packages/7f/90/c29527e05df7c148571ee3bddb1877731f16db192d31b52f896e0d9b9ea9/maturin-1.10.1-py3-none-manylinux_2_17_aarch64.manylinux2014_aarch64.musllinux_1_1_aarch64.whl", hash = "sha256:fdbe5b43e1aefa8925ab19f727ddb3732c2c53fd6ac6b1c1de63983c37527101", size = 8684098, upload-time = "2025-11-11T12:03:38.615Z" },
    { url = "https://files.pythonhosted.org/packages/a3/3f/4e2250bd45e18ad76121bccc030e7883bf7b939e4ed0b9cb7e9c35b76761/maturin-1.10.1-py3-none-manylinux_2_17_armv7l.manylinux2014_armv7l.musllinux_1_1_armv7l.whl", hash = "sha256:b37b20f273ec0f95db36eff2b9cdf15c2228dfedae8caf88b745e52944795f47", size = 8645719, upload-time = "2025-11-11T12:03:41.098Z" },
    { url = "https://files.pythonhosted.org/packages/c2/cb/73118f02d84cf1626c0d5c87bf11ceb870299f373bc3b9c055e85af71c10/maturin-1.10.1-py3-none-manylinux_2_17_ppc64le.manylinux2014_ppc64le.musllinux_1_1_ppc64le.whl", hash = "sha256:6c6de5da3bcc31b7f16b8f6715afa25507ac7e21c463872903963396aa991dc4", size = 11205915, upload-time = "2025-11-11T12:03:43.656Z" },
    { url = "https://files.pythonhosted.org/packages/ee/2b/3a171397789d594d7aecf0ac2a6dda9f6e628c3447c8cf6acaf44a7876f5/maturin-1.10.1-py3-none-manylinux_2_17_s390x.manylinux2014_s390x.whl", hash = "sha256:6a68223dcaa1873fc5825983fecfabbfef7671c08d6f8a280dfa351feee48ebe", size = 9328481, upload-time = "2025-11-11T12:03:46.11Z" },
    { url = "https://files.pythonhosted.org/packages/3c/41/0c7603fd3ac69ab13c5d51f3b1cf31b3c2275a23765e5818f859512df556/maturin-1.10.1-py3-none-manylinux_2_31_riscv64.whl", hash = "sha256:e69bdbade26e0b0a642384595bb392a728e0d23c3ec59a6f09b8f9bc6376e7d1", size = 8983905, upload-time = "2025-11-11T12:03:48.625Z" },
    { url = "https://files.pythonhosted.org/packages/48/f8/29ae49938360a7db23a3d2f410cecb3a6b8d94d93cc64c49add389b619a8/maturin-1.10.1-py3-none-win32.whl", hash = "sha256:9e62c009c09529e13967e7efe3c78a9be67b6c0b5730485e925e2fce60719462", size = 7655122, upload-time = "2025-11-11T12:03:51.344Z" },
    { url = "https://files.pythonhosted.org/packages/d3/70/584cdc8244a5b0319568192ddcb4e1f5ae6d560381968e310bb19e7e9c31/maturin-1.10.1-py3-none-win_amd64.whl", hash = "sha256:bb84e1a556490470572fbfba4aab3cb281d6d9ea766a346c96aa9cfd47ba1fc6", size = 8903034, upload-time = "2025-11-11T12:03:53.555Z" },
    { url = "https://files.pythonhosted.org/packages/9e/93/9f1a7628a39b7527b4bd71c4eb76dbd73f228bda9b779e39321a83707005/maturin-1.10.1-py3-none-win_arm64.whl", hash = "sha256:b285602df88a6ed8aa4d9e5ac893ecf32530515723af5acfd5b32feeb2a8a774", size = 7506661, upload-time = "2025-11-11T12:03:55.994Z" },
]

[[package]]
name = "packaging"
version = "25.0"
source = { registry = "https://pypi.org/simple" }
sdist = { url = "https://files.pythonhosted.org/packages/a1/d4/1fc4078c65507b51b96ca8f8c3ba19e6a61c8253c72794544580a7b6c24d/packaging-25.0.tar.gz", hash = "sha256:d443872c98d677bf60f6a1f2f8c1cb748e8fe762d2bf9d3148b5599295b0fc4f", size = 165727, upload-time = "2025-04-19T11:48:59.673Z" }
wheels = [
    { url = "https://files.pythonhosted.org/packages/20/12/38679034af332785aac8774540895e234f4d07f7545804097de4b666afd8/packaging-25.0-py3-none-any.whl", hash = "sha256:29572ef2b1f17581046b3a2227d5c611fb25ec70ca1ba8554b24b0e69331a484", size = 66469, upload-time = "2025-04-19T11:48:57.875Z" },
]

[[package]]
name = "pluggy"
version = "1.6.0"
source = { registry = "https://pypi.org/simple" }
sdist = { url = "https://files.pythonhosted.org/packages/f9/e2/3e91f31a7d2b083fe6ef3fa267035b518369d9511ffab804f839851d2779/pluggy-1.6.0.tar.gz", hash = "sha256:7dcc130b76258d33b90f61b658791dede3486c3e6bfb003ee5c9bfb396dd22f3", size = 69412, upload-time = "2025-05-15T12:30:07.975Z" }
wheels = [
    { url = "https://files.pythonhosted.org/packages/54/20/4d324d65cc6d9205fabedc306948156824eb9f0ee1633355a8f7ec5c66bf/pluggy-1.6.0-py3-none-any.whl", hash = "sha256:e920276dd6813095e9377c0bc5566d94c932c33b27a3e3945d8389c374dd4746", size = 20538, upload-time = "2025-05-15T12:30:06.134Z" },
]

[[package]]
name = "pygments"
version = "2.19.2"
source = { registry = "https://pypi.org/simple" }
sdist = { url = "https://files.pythonhosted.org/packages/b0/77/a5b8c569bf593b0140bde72ea885a803b82086995367bf2037de0159d924/pygments-2.19.2.tar.gz", hash = "sha256:636cb2477cec7f8952536970bc533bc43743542f70392ae026374600add5b887", size = 4968631, upload-time = "2025-06-21T13:39:12.283Z" }
wheels = [
    { url = "https://files.pythonhosted.org/packages/c7/21/705964c7812476f378728bdf590ca4b771ec72385c533964653c68e86bdc/pygments-2.19.2-py3-none-any.whl", hash = "sha256:86540386c03d588bb81d44bc3928634ff26449851e99741617ecb9037ee5ec0b", size = 1225217, upload-time = "2025-06-21T13:39:07.939Z" },
]

[[package]]
name = "pytest"
version = "9.0.1"
source = { registry = "https://pypi.org/simple" }
dependencies = [
    { name = "colorama", marker = "sys_platform == 'win32'" },
    { name = "iniconfig" },
    { name = "packaging" },
    { name = "pluggy" },
    { name = "pygments" },
]
sdist = { url = "https://files.pythonhosted.org/packages/07/56/f013048ac4bc4c1d9be45afd4ab209ea62822fb1598f40687e6bf45dcea4/pytest-9.0.1.tar.gz", hash = "sha256:3e9c069ea73583e255c3b21cf46b8d3c56f6e3a1a8f6da94ccb0fcf57b9d73c8", size = 1564125, upload-time = "2025-11-12T13:05:09.333Z" }
wheels = [
    { url = "https://files.pythonhosted.org/packages/0b/8b/6300fb80f858cda1c51ffa17075df5d846757081d11ab4aa35cef9e6258b/pytest-9.0.1-py3-none-any.whl", hash = "sha256:67be0030d194df2dfa7b556f2e56fb3c3315bd5c8822c6951162b92b32ce7dad", size = 373668, upload-time = "2025-11-12T13:05:07.379Z" },
]

[[package]]
name = "tqdm"
version = "4.67.1"
source = { registry = "https://pypi.org/simple" }
dependencies = [
    { name = "colorama", marker = "sys_platform == 'win32'" },
]
sdist = { url = "https://files.pythonhosted.org/packages/a8/4b/29b4ef32e036bb34e4ab51796dd745cdba7ed47ad142a9f4a1eb8e0c744d/tqdm-4.67.1.tar.gz", hash = "sha256:f8aef9c52c08c13a65f30ea34f4e5aac3fd1a34959879d7e59e63027286627f2", size = 169737, upload-time = "2024-11-24T20:12:22.481Z" }
wheels = [
    { url = "https://files.pythonhosted.org/packages/d0/30/dc54f88dd4a2b5dc8a0279bdd7270e735851848b762aeb1c1184ed1f6b14/tqdm-4.67.1-py3-none-any.whl", hash = "sha256:26445eca388f82e72884e0d580d5464cd801a3ea01e63e5601bdff9ba6a48de2", size = 78540, upload-time = "2024-11-24T20:12:19.698Z" },
]

[[package]]
name = "treesearch"
version = "0.1.0"
source = { editable = "." }
dependencies = [
    { name = "tqdm" },
]

[package.dev-dependencies]
dev = [
    { name = "maturin" },
    { name = "pytest" },
]

[package.metadata]
requires-dist = [{ name = "tqdm", specifier = ">=4.67.1" }]

[package.metadata.requires-dev]
dev = [
    { name = "maturin", specifier = ">=1.10.1" },
    { name = "pytest", specifier = ">=9.0" },
]
